// !$*UTF8*$!
{
	archiveVersion = 1;
	classes = {
	};
	objectVersion = 46;
	objects = {

/* Begin PBXBuildFile section */
		1E84EB1FBC274C09ED964C9D /* Pods_RandomMessagingAppTests.framework in Frameworks */ = {isa = PBXBuildFile; fileRef = CF5B2827280ACC062E7536C8 /* Pods_RandomMessagingAppTests.framework */; };
		47734D0BBCB1D070BF137F1C /* Pods_RandomMessagingApp.framework in Frameworks */ = {isa = PBXBuildFile; fileRef = 4C4188C96739E1F827A24F2C /* Pods_RandomMessagingApp.framework */; };
		880C49921F2931BE00162ECC /* MessagesResponse.swift in Sources */ = {isa = PBXBuildFile; fileRef = 880C49911F2931BE00162ECC /* MessagesResponse.swift */; };
		880C49951F2A6F2800162ECC /* InitialViewModel.swift in Sources */ = {isa = PBXBuildFile; fileRef = 880C49941F2A6F2800162ECC /* InitialViewModel.swift */; };
		880C49971F2A7AB700162ECC /* MessagesViewModel.swift in Sources */ = {isa = PBXBuildFile; fileRef = 880C49961F2A7AB700162ECC /* MessagesViewModel.swift */; };
		880C499A1F2A811D00162ECC /* UserDefaultsHelper.swift in Sources */ = {isa = PBXBuildFile; fileRef = 880C49991F2A811D00162ECC /* UserDefaultsHelper.swift */; };
		880C499C1F2A90CC00162ECC /* LoadingView.swift in Sources */ = {isa = PBXBuildFile; fileRef = 880C499B1F2A90CC00162ECC /* LoadingView.swift */; };
		880C49AC1F2A94D400162ECC /* InitialViewUITests.swift in Sources */ = {isa = PBXBuildFile; fileRef = 880C49AB1F2A94D400162ECC /* InitialViewUITests.swift */; };
		880C49AE1F2A97CA00162ECC /* MessagesViewUITests.swift in Sources */ = {isa = PBXBuildFile; fileRef = 880C49AD1F2A97CA00162ECC /* MessagesViewUITests.swift */; };
		886CD7871F29C376002BE119 /* ReceivedMessageCell.xib in Resources */ = {isa = PBXBuildFile; fileRef = 886CD7861F29C376002BE119 /* ReceivedMessageCell.xib */; };
		886CD7891F29C6BC002BE119 /* MessageCell.swift in Sources */ = {isa = PBXBuildFile; fileRef = 886CD7881F29C6BC002BE119 /* MessageCell.swift */; };
		886CD78B1F29CB20002BE119 /* Extensions.swift in Sources */ = {isa = PBXBuildFile; fileRef = 886CD78A1F29CB20002BE119 /* Extensions.swift */; };
		88B7D5E31F28790D00816C21 /* AppDelegate.swift in Sources */ = {isa = PBXBuildFile; fileRef = 88B7D5E21F28790D00816C21 /* AppDelegate.swift */; };
		88B7D5E81F28790D00816C21 /* Main.storyboard in Resources */ = {isa = PBXBuildFile; fileRef = 88B7D5E61F28790D00816C21 /* Main.storyboard */; };
		88B7D5EA1F28790D00816C21 /* Assets.xcassets in Resources */ = {isa = PBXBuildFile; fileRef = 88B7D5E91F28790D00816C21 /* Assets.xcassets */; };
		88B7D5ED1F28790D00816C21 /* LaunchScreen.storyboard in Resources */ = {isa = PBXBuildFile; fileRef = 88B7D5EB1F28790D00816C21 /* LaunchScreen.storyboard */; };
		88B7D5F81F28790D00816C21 /* RandomMessagingAppTests.swift in Sources */ = {isa = PBXBuildFile; fileRef = 88B7D5F71F28790D00816C21 /* RandomMessagingAppTests.swift */; };
		88B7D6031F287BA000816C21 /* BaseViewController.swift in Sources */ = {isa = PBXBuildFile; fileRef = 88B7D6021F287BA000816C21 /* BaseViewController.swift */; };
		88B7D6061F287BC600816C21 /* InitialViewController.swift in Sources */ = {isa = PBXBuildFile; fileRef = 88B7D6051F287BC600816C21 /* InitialViewController.swift */; };
		88B7D6081F287BD300816C21 /* MessagesViewController.swift in Sources */ = {isa = PBXBuildFile; fileRef = 88B7D6071F287BD300816C21 /* MessagesViewController.swift */; };
		88BBDD731F29EBD900C74B62 /* SenderMessageCell.xib in Resources */ = {isa = PBXBuildFile; fileRef = 88BBDD711F29EBD900C74B62 /* SenderMessageCell.xib */; };
		88CC60AF1F2892CA00045B45 /* BaseRequest.swift in Sources */ = {isa = PBXBuildFile; fileRef = 88CC60AE1F2892CA00045B45 /* BaseRequest.swift */; };
		88CC60B31F28962400045B45 /* UserModel.swift in Sources */ = {isa = PBXBuildFile; fileRef = 88CC60B21F28962400045B45 /* UserModel.swift */; };
		88CC60B61F2899FC00045B45 /* MessageModel.swift in Sources */ = {isa = PBXBuildFile; fileRef = 88CC60B51F2899FC00045B45 /* MessageModel.swift */; };
		88CC60BB1F28C5B000045B45 /* MessagesRequest.swift in Sources */ = {isa = PBXBuildFile; fileRef = 88CC60BA1F28C5B000045B45 /* MessagesRequest.swift */; };
		88CC60BD1F28C67300045B45 /* BaseResponse.swift in Sources */ = {isa = PBXBuildFile; fileRef = 88CC60BC1F28C67300045B45 /* BaseResponse.swift */; };
		88CC60BF1F28C91300045B45 /* MessagesDataService.swift in Sources */ = {isa = PBXBuildFile; fileRef = 88CC60BE1F28C91300045B45 /* MessagesDataService.swift */; };
/* End PBXBuildFile section */

/* Begin PBXContainerItemProxy section */
		880C49A61F2A934500162ECC /* PBXContainerItemProxy */ = {
			isa = PBXContainerItemProxy;
			containerPortal = 88B7D5D71F28790D00816C21 /* Project object */;
			proxyType = 1;
			remoteGlobalIDString = 88B7D5DE1F28790D00816C21;
			remoteInfo = RandomMessagingApp;
		};
		88B7D5F41F28790D00816C21 /* PBXContainerItemProxy */ = {
			isa = PBXContainerItemProxy;
			containerPortal = 88B7D5D71F28790D00816C21 /* Project object */;
			proxyType = 1;
			remoteGlobalIDString = 88B7D5DE1F28790D00816C21;
			remoteInfo = RandomMessagingApp;
		};
/* End PBXContainerItemProxy section */

/* Begin PBXFileReference section */
		3FA6DF4971A6588DD960EC06 /* Pods-RandomMessagingApp.debug.xcconfig */ = {isa = PBXFileReference; includeInIndex = 1; lastKnownFileType = text.xcconfig; name = "Pods-RandomMessagingApp.debug.xcconfig"; path = "Pods/Target Support Files/Pods-RandomMessagingApp/Pods-RandomMessagingApp.debug.xcconfig"; sourceTree = "<group>"; };
		4C4188C96739E1F827A24F2C /* Pods_RandomMessagingApp.framework */ = {isa = PBXFileReference; explicitFileType = wrapper.framework; includeInIndex = 0; path = Pods_RandomMessagingApp.framework; sourceTree = BUILT_PRODUCTS_DIR; };
		50C2938EF43C57EC1726914C /* Pods-RandomMessagingApp.release.xcconfig */ = {isa = PBXFileReference; includeInIndex = 1; lastKnownFileType = text.xcconfig; name = "Pods-RandomMessagingApp.release.xcconfig"; path = "Pods/Target Support Files/Pods-RandomMessagingApp/Pods-RandomMessagingApp.release.xcconfig"; sourceTree = "<group>"; };
		880C49911F2931BE00162ECC /* MessagesResponse.swift */ = {isa = PBXFileReference; fileEncoding = 4; lastKnownFileType = sourcecode.swift; path = MessagesResponse.swift; sourceTree = "<group>"; };
		880C49941F2A6F2800162ECC /* InitialViewModel.swift */ = {isa = PBXFileReference; fileEncoding = 4; lastKnownFileType = sourcecode.swift; path = InitialViewModel.swift; sourceTree = "<group>"; };
		880C49961F2A7AB700162ECC /* MessagesViewModel.swift */ = {isa = PBXFileReference; fileEncoding = 4; lastKnownFileType = sourcecode.swift; path = MessagesViewModel.swift; sourceTree = "<group>"; };
		880C49991F2A811D00162ECC /* UserDefaultsHelper.swift */ = {isa = PBXFileReference; fileEncoding = 4; lastKnownFileType = sourcecode.swift; path = UserDefaultsHelper.swift; sourceTree = "<group>"; };
		880C499B1F2A90CC00162ECC /* LoadingView.swift */ = {isa = PBXFileReference; fileEncoding = 4; lastKnownFileType = sourcecode.swift; path = LoadingView.swift; sourceTree = "<group>"; };
		880C49A11F2A934500162ECC /* RandomMessagingAppUITests.xctest */ = {isa = PBXFileReference; explicitFileType = wrapper.cfbundle; includeInIndex = 0; path = RandomMessagingAppUITests.xctest; sourceTree = BUILT_PRODUCTS_DIR; };
		880C49A51F2A934500162ECC /* Info.plist */ = {isa = PBXFileReference; lastKnownFileType = text.plist.xml; path = Info.plist; sourceTree = "<group>"; };
		880C49AB1F2A94D400162ECC /* InitialViewUITests.swift */ = {isa = PBXFileReference; fileEncoding = 4; lastKnownFileType = sourcecode.swift; path = InitialViewUITests.swift; sourceTree = "<group>"; };
		880C49AD1F2A97CA00162ECC /* MessagesViewUITests.swift */ = {isa = PBXFileReference; fileEncoding = 4; lastKnownFileType = sourcecode.swift; path = MessagesViewUITests.swift; sourceTree = "<group>"; };
		886CD7861F29C376002BE119 /* ReceivedMessageCell.xib */ = {isa = PBXFileReference; fileEncoding = 4; lastKnownFileType = file.xib; path = ReceivedMessageCell.xib; sourceTree = "<group>"; };
		886CD7881F29C6BC002BE119 /* MessageCell.swift */ = {isa = PBXFileReference; fileEncoding = 4; lastKnownFileType = sourcecode.swift; path = MessageCell.swift; sourceTree = "<group>"; };
		886CD78A1F29CB20002BE119 /* Extensions.swift */ = {isa = PBXFileReference; fileEncoding = 4; lastKnownFileType = sourcecode.swift; path = Extensions.swift; sourceTree = "<group>"; };
		88B7D5DF1F28790D00816C21 /* RandomMessagingApp.app */ = {isa = PBXFileReference; explicitFileType = wrapper.application; includeInIndex = 0; path = RandomMessagingApp.app; sourceTree = BUILT_PRODUCTS_DIR; };
		88B7D5E21F28790D00816C21 /* AppDelegate.swift */ = {isa = PBXFileReference; lastKnownFileType = sourcecode.swift; path = AppDelegate.swift; sourceTree = "<group>"; };
		88B7D5E71F28790D00816C21 /* Base */ = {isa = PBXFileReference; lastKnownFileType = file.storyboard; name = Base; path = Base.lproj/Main.storyboard; sourceTree = "<group>"; };
		88B7D5E91F28790D00816C21 /* Assets.xcassets */ = {isa = PBXFileReference; lastKnownFileType = folder.assetcatalog; path = Assets.xcassets; sourceTree = "<group>"; };
		88B7D5EC1F28790D00816C21 /* Base */ = {isa = PBXFileReference; lastKnownFileType = file.storyboard; name = Base; path = Base.lproj/LaunchScreen.storyboard; sourceTree = "<group>"; };
		88B7D5EE1F28790D00816C21 /* Info.plist */ = {isa = PBXFileReference; lastKnownFileType = text.plist.xml; path = Info.plist; sourceTree = "<group>"; };
		88B7D5F31F28790D00816C21 /* RandomMessagingAppTests.xctest */ = {isa = PBXFileReference; explicitFileType = wrapper.cfbundle; includeInIndex = 0; path = RandomMessagingAppTests.xctest; sourceTree = BUILT_PRODUCTS_DIR; };
		88B7D5F71F28790D00816C21 /* RandomMessagingAppTests.swift */ = {isa = PBXFileReference; lastKnownFileType = sourcecode.swift; path = RandomMessagingAppTests.swift; sourceTree = "<group>"; };
		88B7D5F91F28790D00816C21 /* Info.plist */ = {isa = PBXFileReference; lastKnownFileType = text.plist.xml; path = Info.plist; sourceTree = "<group>"; };
		88B7D6021F287BA000816C21 /* BaseViewController.swift */ = {isa = PBXFileReference; fileEncoding = 4; lastKnownFileType = sourcecode.swift; path = BaseViewController.swift; sourceTree = "<group>"; };
		88B7D6051F287BC600816C21 /* InitialViewController.swift */ = {isa = PBXFileReference; fileEncoding = 4; lastKnownFileType = sourcecode.swift; path = InitialViewController.swift; sourceTree = "<group>"; };
		88B7D6071F287BD300816C21 /* MessagesViewController.swift */ = {isa = PBXFileReference; fileEncoding = 4; lastKnownFileType = sourcecode.swift; path = MessagesViewController.swift; sourceTree = "<group>"; };
		88BBDD711F29EBD900C74B62 /* SenderMessageCell.xib */ = {isa = PBXFileReference; lastKnownFileType = file.xib; path = SenderMessageCell.xib; sourceTree = "<group>"; };
		88CC60AE1F2892CA00045B45 /* BaseRequest.swift */ = {isa = PBXFileReference; lastKnownFileType = sourcecode.swift; path = BaseRequest.swift; sourceTree = "<group>"; };
		88CC60B21F28962400045B45 /* UserModel.swift */ = {isa = PBXFileReference; lastKnownFileType = sourcecode.swift; name = UserModel.swift; path = Responses/UserModel.swift; sourceTree = "<group>"; };
		88CC60B41F28971700045B45 /* BaseModel.swift */ = {isa = PBXFileReference; lastKnownFileType = sourcecode.swift; path = BaseModel.swift; sourceTree = "<group>"; };
		88CC60B51F2899FC00045B45 /* MessageModel.swift */ = {isa = PBXFileReference; lastKnownFileType = sourcecode.swift; name = MessageModel.swift; path = Responses/MessageModel.swift; sourceTree = "<group>"; };
		88CC60BA1F28C5B000045B45 /* MessagesRequest.swift */ = {isa = PBXFileReference; lastKnownFileType = sourcecode.swift; path = MessagesRequest.swift; sourceTree = "<group>"; };
		88CC60BC1F28C67300045B45 /* BaseResponse.swift */ = {isa = PBXFileReference; lastKnownFileType = sourcecode.swift; path = BaseResponse.swift; sourceTree = "<group>"; };
		88CC60BE1F28C91300045B45 /* MessagesDataService.swift */ = {isa = PBXFileReference; lastKnownFileType = sourcecode.swift; path = MessagesDataService.swift; sourceTree = "<group>"; };
		94B850615BCCB5BBFFA17DF1 /* Pods-RandomMessagingAppTests.release.xcconfig */ = {isa = PBXFileReference; includeInIndex = 1; lastKnownFileType = text.xcconfig; name = "Pods-RandomMessagingAppTests.release.xcconfig"; path = "Pods/Target Support Files/Pods-RandomMessagingAppTests/Pods-RandomMessagingAppTests.release.xcconfig"; sourceTree = "<group>"; };
		AF0B45188A40E85C29DBA599 /* Pods-RandomMessagingAppTests.debug.xcconfig */ = {isa = PBXFileReference; includeInIndex = 1; lastKnownFileType = text.xcconfig; name = "Pods-RandomMessagingAppTests.debug.xcconfig"; path = "Pods/Target Support Files/Pods-RandomMessagingAppTests/Pods-RandomMessagingAppTests.debug.xcconfig"; sourceTree = "<group>"; };
		CF5B2827280ACC062E7536C8 /* Pods_RandomMessagingAppTests.framework */ = {isa = PBXFileReference; explicitFileType = wrapper.framework; includeInIndex = 0; path = Pods_RandomMessagingAppTests.framework; sourceTree = BUILT_PRODUCTS_DIR; };
/* End PBXFileReference section */

/* Begin PBXFrameworksBuildPhase section */
		880C499E1F2A934500162ECC /* Frameworks */ = {
			isa = PBXFrameworksBuildPhase;
			buildActionMask = 2147483647;
			files = (
			);
			runOnlyForDeploymentPostprocessing = 0;
		};
		88B7D5DC1F28790D00816C21 /* Frameworks */ = {
			isa = PBXFrameworksBuildPhase;
			buildActionMask = 2147483647;
			files = (
				47734D0BBCB1D070BF137F1C /* Pods_RandomMessagingApp.framework in Frameworks */,
			);
			runOnlyForDeploymentPostprocessing = 0;
		};
		88B7D5F01F28790D00816C21 /* Frameworks */ = {
			isa = PBXFrameworksBuildPhase;
			buildActionMask = 2147483647;
			files = (
				1E84EB1FBC274C09ED964C9D /* Pods_RandomMessagingAppTests.framework in Frameworks */,
			);
			runOnlyForDeploymentPostprocessing = 0;
		};
/* End PBXFrameworksBuildPhase section */

/* Begin PBXGroup section */
		14CE6815C498708F993762A2 /* Pods */ = {
			isa = PBXGroup;
			children = (
				3FA6DF4971A6588DD960EC06 /* Pods-RandomMessagingApp.debug.xcconfig */,
				50C2938EF43C57EC1726914C /* Pods-RandomMessagingApp.release.xcconfig */,
				AF0B45188A40E85C29DBA599 /* Pods-RandomMessagingAppTests.debug.xcconfig */,
				94B850615BCCB5BBFFA17DF1 /* Pods-RandomMessagingAppTests.release.xcconfig */,
			);
			name = Pods;
			sourceTree = "<group>";
		};
		880C49931F2A6F0F00162ECC /* ViewModels */ = {
			isa = PBXGroup;
			children = (
				880C49941F2A6F2800162ECC /* InitialViewModel.swift */,
				880C49961F2A7AB700162ECC /* MessagesViewModel.swift */,
			);
			name = ViewModels;
			sourceTree = "<group>";
		};
		880C49981F2A810D00162ECC /* Helpers */ = {
			isa = PBXGroup;
			children = (
				886CD78A1F29CB20002BE119 /* Extensions.swift */,
				880C49991F2A811D00162ECC /* UserDefaultsHelper.swift */,
				880C499B1F2A90CC00162ECC /* LoadingView.swift */,
			);
			name = Helpers;
			sourceTree = "<group>";
		};
		880C49A21F2A934500162ECC /* RandomMessagingAppUITests */ = {
			isa = PBXGroup;
			children = (
				880C49AB1F2A94D400162ECC /* InitialViewUITests.swift */,
				880C49A51F2A934500162ECC /* Info.plist */,
				880C49AD1F2A97CA00162ECC /* MessagesViewUITests.swift */,
			);
			path = RandomMessagingAppUITests;
			sourceTree = "<group>";
		};
		886CD7851F29C2EC002BE119 /* Views */ = {
			isa = PBXGroup;
			children = (
				886CD7861F29C376002BE119 /* ReceivedMessageCell.xib */,
				88BBDD711F29EBD900C74B62 /* SenderMessageCell.xib */,
				886CD7881F29C6BC002BE119 /* MessageCell.swift */,
			);
			name = Views;
			sourceTree = "<group>";
		};
		886CD78C1F2A0652002BE119 /* Commons */ = {
			isa = PBXGroup;
			children = (
				88CC60B51F2899FC00045B45 /* MessageModel.swift */,
				88CC60B21F28962400045B45 /* UserModel.swift */,
			);
			name = Commons;
			sourceTree = "<group>";
		};
		88B7D5D61F28790D00816C21 = {
			isa = PBXGroup;
			children = (
				88B7D5E11F28790D00816C21 /* RandomMessagingApp */,
				88B7D5F61F28790D00816C21 /* RandomMessagingAppTests */,
				880C49A21F2A934500162ECC /* RandomMessagingAppUITests */,
				88B7D5E01F28790D00816C21 /* Products */,
				14CE6815C498708F993762A2 /* Pods */,
				A05134695B3E4425053ACD19 /* Frameworks */,
			);
			sourceTree = "<group>";
		};
		88B7D5E01F28790D00816C21 /* Products */ = {
			isa = PBXGroup;
			children = (
				88B7D5DF1F28790D00816C21 /* RandomMessagingApp.app */,
				88B7D5F31F28790D00816C21 /* RandomMessagingAppTests.xctest */,
				880C49A11F2A934500162ECC /* RandomMessagingAppUITests.xctest */,
			);
			name = Products;
			sourceTree = "<group>";
		};
		88B7D5E11F28790D00816C21 /* RandomMessagingApp */ = {
			isa = PBXGroup;
			children = (
				880C49981F2A810D00162ECC /* Helpers */,
				88CC60AA1F28928100045B45 /* Network */,
				880C49931F2A6F0F00162ECC /* ViewModels */,
				88B7D6041F287BAA00816C21 /* ViewControllers */,
				886CD7851F29C2EC002BE119 /* Views */,
				88B7D5E21F28790D00816C21 /* AppDelegate.swift */,
				88B7D5E61F28790D00816C21 /* Main.storyboard */,
				88B7D5E91F28790D00816C21 /* Assets.xcassets */,
				88B7D5EB1F28790D00816C21 /* LaunchScreen.storyboard */,
				88B7D5EE1F28790D00816C21 /* Info.plist */,
			);
			path = RandomMessagingApp;
			sourceTree = "<group>";
		};
		88B7D5F61F28790D00816C21 /* RandomMessagingAppTests */ = {
			isa = PBXGroup;
			children = (
				88B7D5F71F28790D00816C21 /* RandomMessagingAppTests.swift */,
				88B7D5F91F28790D00816C21 /* Info.plist */,
			);
			path = RandomMessagingAppTests;
			sourceTree = "<group>";
		};
		88B7D6041F287BAA00816C21 /* ViewControllers */ = {
			isa = PBXGroup;
			children = (
				88B7D6021F287BA000816C21 /* BaseViewController.swift */,
				88B7D6051F287BC600816C21 /* InitialViewController.swift */,
				88B7D6071F287BD300816C21 /* MessagesViewController.swift */,
			);
			name = ViewControllers;
			sourceTree = "<group>";
		};
		88CC60AA1F28928100045B45 /* Network */ = {
			isa = PBXGroup;
			children = (
				88CC60AB1F28929400045B45 /* Base */,
				88CC60AC1F28929E00045B45 /* Models */,
				88CC60AD1F2892A500045B45 /* Services */,
			);
			path = Network;
			sourceTree = "<group>";
		};
		88CC60AB1F28929400045B45 /* Base */ = {
			isa = PBXGroup;
			children = (
				88CC60B41F28971700045B45 /* BaseModel.swift */,
				88CC60AE1F2892CA00045B45 /* BaseRequest.swift */,
				88CC60BC1F28C67300045B45 /* BaseResponse.swift */,
			);
			path = Base;
			sourceTree = "<group>";
		};
		88CC60AC1F28929E00045B45 /* Models */ = {
			isa = PBXGroup;
			children = (
				886CD78C1F2A0652002BE119 /* Commons */,
				88CC60B91F28AFDE00045B45 /* Responses */,
				88CC60B71F28AFD000045B45 /* Requests */,
			);
			path = Models;
			sourceTree = "<group>";
		};
		88CC60AD1F2892A500045B45 /* Services */ = {
			isa = PBXGroup;
			children = (
				88CC60BE1F28C91300045B45 /* MessagesDataService.swift */,
			);
			path = Services;
			sourceTree = "<group>";
		};
		88CC60B71F28AFD000045B45 /* Requests */ = {
			isa = PBXGroup;
			children = (
				88CC60BA1F28C5B000045B45 /* MessagesRequest.swift */,
			);
			path = Requests;
			sourceTree = "<group>";
		};
		88CC60B91F28AFDE00045B45 /* Responses */ = {
			isa = PBXGroup;
			children = (
				880C49911F2931BE00162ECC /* MessagesResponse.swift */,
			);
			path = Responses;
			sourceTree = "<group>";
		};
		A05134695B3E4425053ACD19 /* Frameworks */ = {
			isa = PBXGroup;
			children = (
				4C4188C96739E1F827A24F2C /* Pods_RandomMessagingApp.framework */,
				CF5B2827280ACC062E7536C8 /* Pods_RandomMessagingAppTests.framework */,
			);
			name = Frameworks;
			sourceTree = "<group>";
		};
/* End PBXGroup section */

/* Begin PBXNativeTarget section */
		880C49A01F2A934500162ECC /* RandomMessagingAppUITests */ = {
			isa = PBXNativeTarget;
			buildConfigurationList = 880C49A81F2A934500162ECC /* Build configuration list for PBXNativeTarget "RandomMessagingAppUITests" */;
			buildPhases = (
				880C499D1F2A934500162ECC /* Sources */,
				880C499E1F2A934500162ECC /* Frameworks */,
				880C499F1F2A934500162ECC /* Resources */,
			);
			buildRules = (
			);
			dependencies = (
				880C49A71F2A934500162ECC /* PBXTargetDependency */,
			);
			name = RandomMessagingAppUITests;
			productName = RandomMessagingAppUITests;
			productReference = 880C49A11F2A934500162ECC /* RandomMessagingAppUITests.xctest */;
			productType = "com.apple.product-type.bundle.ui-testing";
		};
		88B7D5DE1F28790D00816C21 /* RandomMessagingApp */ = {
			isa = PBXNativeTarget;
			buildConfigurationList = 88B7D5FC1F28790D00816C21 /* Build configuration list for PBXNativeTarget "RandomMessagingApp" */;
			buildPhases = (
				C8AED4E4E2CC75A9725B9422 /* [CP] Check Pods Manifest.lock */,
				88B7D5DB1F28790D00816C21 /* Sources */,
				88B7D5DC1F28790D00816C21 /* Frameworks */,
				88B7D5DD1F28790D00816C21 /* Resources */,
				B2A0E6CF6288A62B75041BAA /* [CP] Embed Pods Frameworks */,
				8BB849469F6877F1EBBE856D /* [CP] Copy Pods Resources */,
			);
			buildRules = (
			);
			dependencies = (
			);
			name = RandomMessagingApp;
			productName = RandomMessagingApp;
			productReference = 88B7D5DF1F28790D00816C21 /* RandomMessagingApp.app */;
			productType = "com.apple.product-type.application";
		};
		88B7D5F21F28790D00816C21 /* RandomMessagingAppTests */ = {
			isa = PBXNativeTarget;
			buildConfigurationList = 88B7D5FF1F28790D00816C21 /* Build configuration list for PBXNativeTarget "RandomMessagingAppTests" */;
			buildPhases = (
				43AF666B3552C00369AE07B1 /* [CP] Check Pods Manifest.lock */,
				88B7D5EF1F28790D00816C21 /* Sources */,
				88B7D5F01F28790D00816C21 /* Frameworks */,
				88B7D5F11F28790D00816C21 /* Resources */,
				BE9CD9F4772E820E9A4095CE /* [CP] Embed Pods Frameworks */,
				CE4F9DE4996773956B86FE23 /* [CP] Copy Pods Resources */,
			);
			buildRules = (
			);
			dependencies = (
				88B7D5F51F28790D00816C21 /* PBXTargetDependency */,
			);
			name = RandomMessagingAppTests;
			productName = RandomMessagingAppTests;
			productReference = 88B7D5F31F28790D00816C21 /* RandomMessagingAppTests.xctest */;
			productType = "com.apple.product-type.bundle.unit-test";
		};
/* End PBXNativeTarget section */

/* Begin PBXProject section */
		88B7D5D71F28790D00816C21 /* Project object */ = {
			isa = PBXProject;
			attributes = {
				LastSwiftUpdateCheck = 0830;
				LastUpgradeCheck = 0830;
				ORGANIZATIONNAME = Miletli;
				TargetAttributes = {
					880C49A01F2A934500162ECC = {
						CreatedOnToolsVersion = 8.3.3;
						DevelopmentTeam = 2U6BY5FFH9;
						ProvisioningStyle = Automatic;
						TestTargetID = 88B7D5DE1F28790D00816C21;
					};
					88B7D5DE1F28790D00816C21 = {
						CreatedOnToolsVersion = 8.3.3;
						DevelopmentTeam = 2U6BY5FFH9;
						ProvisioningStyle = Automatic;
					};
					88B7D5F21F28790D00816C21 = {
						CreatedOnToolsVersion = 8.3.3;
						DevelopmentTeam = FDQWYD8S6L;
						ProvisioningStyle = Automatic;
						TestTargetID = 88B7D5DE1F28790D00816C21;
					};
				};
			};
			buildConfigurationList = 88B7D5DA1F28790D00816C21 /* Build configuration list for PBXProject "RandomMessagingApp" */;
			compatibilityVersion = "Xcode 3.2";
			developmentRegion = English;
			hasScannedForEncodings = 0;
			knownRegions = (
				en,
				Base,
			);
			mainGroup = 88B7D5D61F28790D00816C21;
			productRefGroup = 88B7D5E01F28790D00816C21 /* Products */;
			projectDirPath = "";
			projectRoot = "";
			targets = (
				88B7D5DE1F28790D00816C21 /* RandomMessagingApp */,
				88B7D5F21F28790D00816C21 /* RandomMessagingAppTests */,
				880C49A01F2A934500162ECC /* RandomMessagingAppUITests */,
			);
		};
/* End PBXProject section */

/* Begin PBXResourcesBuildPhase section */
		880C499F1F2A934500162ECC /* Resources */ = {
			isa = PBXResourcesBuildPhase;
			buildActionMask = 2147483647;
			files = (
			);
			runOnlyForDeploymentPostprocessing = 0;
		};
		88B7D5DD1F28790D00816C21 /* Resources */ = {
			isa = PBXResourcesBuildPhase;
			buildActionMask = 2147483647;
			files = (
				88B7D5ED1F28790D00816C21 /* LaunchScreen.storyboard in Resources */,
				88B7D5EA1F28790D00816C21 /* Assets.xcassets in Resources */,
				88B7D5E81F28790D00816C21 /* Main.storyboard in Resources */,
				886CD7871F29C376002BE119 /* ReceivedMessageCell.xib in Resources */,
				88BBDD731F29EBD900C74B62 /* SenderMessageCell.xib in Resources */,
			);
			runOnlyForDeploymentPostprocessing = 0;
		};
		88B7D5F11F28790D00816C21 /* Resources */ = {
			isa = PBXResourcesBuildPhase;
			buildActionMask = 2147483647;
			files = (
			);
			runOnlyForDeploymentPostprocessing = 0;
		};
/* End PBXResourcesBuildPhase section */

/* Begin PBXShellScriptBuildPhase section */
		43AF666B3552C00369AE07B1 /* [CP] Check Pods Manifest.lock */ = {
			isa = PBXShellScriptBuildPhase;
			buildActionMask = 2147483647;
			files = (
			);
			inputPaths = (
			);
			name = "[CP] Check Pods Manifest.lock";
			outputPaths = (
			);
			runOnlyForDeploymentPostprocessing = 0;
			shellPath = /bin/sh;
			shellScript = "diff \"${PODS_PODFILE_DIR_PATH}/Podfile.lock\" \"${PODS_ROOT}/Manifest.lock\" > /dev/null\nif [ $? != 0 ] ; then\n    # print error to STDERR\n    echo \"error: The sandbox is not in sync with the Podfile.lock. Run 'pod install' or update your CocoaPods installation.\" >&2\n    exit 1\nfi\n";
			showEnvVarsInLog = 0;
		};
		8BB849469F6877F1EBBE856D /* [CP] Copy Pods Resources */ = {
			isa = PBXShellScriptBuildPhase;
			buildActionMask = 2147483647;
			files = (
			);
			inputPaths = (
			);
			name = "[CP] Copy Pods Resources";
			outputPaths = (
			);
			runOnlyForDeploymentPostprocessing = 0;
			shellPath = /bin/sh;
			shellScript = "\"${SRCROOT}/Pods/Target Support Files/Pods-RandomMessagingApp/Pods-RandomMessagingApp-resources.sh\"\n";
			showEnvVarsInLog = 0;
		};
		B2A0E6CF6288A62B75041BAA /* [CP] Embed Pods Frameworks */ = {
			isa = PBXShellScriptBuildPhase;
			buildActionMask = 2147483647;
			files = (
			);
			inputPaths = (
			);
			name = "[CP] Embed Pods Frameworks";
			outputPaths = (
			);
			runOnlyForDeploymentPostprocessing = 0;
			shellPath = /bin/sh;
			shellScript = "\"${SRCROOT}/Pods/Target Support Files/Pods-RandomMessagingApp/Pods-RandomMessagingApp-frameworks.sh\"\n";
			showEnvVarsInLog = 0;
		};
		BE9CD9F4772E820E9A4095CE /* [CP] Embed Pods Frameworks */ = {
			isa = PBXShellScriptBuildPhase;
			buildActionMask = 2147483647;
			files = (
			);
			inputPaths = (
			);
			name = "[CP] Embed Pods Frameworks";
			outputPaths = (
			);
			runOnlyForDeploymentPostprocessing = 0;
			shellPath = /bin/sh;
			shellScript = "\"${SRCROOT}/Pods/Target Support Files/Pods-RandomMessagingAppTests/Pods-RandomMessagingAppTests-frameworks.sh\"\n";
			showEnvVarsInLog = 0;
		};
		C8AED4E4E2CC75A9725B9422 /* [CP] Check Pods Manifest.lock */ = {
			isa = PBXShellScriptBuildPhase;
			buildActionMask = 2147483647;
			files = (
			);
			inputPaths = (
			);
			name = "[CP] Check Pods Manifest.lock";
			outputPaths = (
			);
			runOnlyForDeploymentPostprocessing = 0;
			shellPath = /bin/sh;
			shellScript = "diff \"${PODS_PODFILE_DIR_PATH}/Podfile.lock\" \"${PODS_ROOT}/Manifest.lock\" > /dev/null\nif [ $? != 0 ] ; then\n    # print error to STDERR\n    echo \"error: The sandbox is not in sync with the Podfile.lock. Run 'pod install' or update your CocoaPods installation.\" >&2\n    exit 1\nfi\n";
			showEnvVarsInLog = 0;
		};
		CE4F9DE4996773956B86FE23 /* [CP] Copy Pods Resources */ = {
			isa = PBXShellScriptBuildPhase;
			buildActionMask = 2147483647;
			files = (
			);
			inputPaths = (
			);
			name = "[CP] Copy Pods Resources";
			outputPaths = (
			);
			runOnlyForDeploymentPostprocessing = 0;
			shellPath = /bin/sh;
			shellScript = "\"${SRCROOT}/Pods/Target Support Files/Pods-RandomMessagingAppTests/Pods-RandomMessagingAppTests-resources.sh\"\n";
			showEnvVarsInLog = 0;
		};
/* End PBXShellScriptBuildPhase section */

/* Begin PBXSourcesBuildPhase section */
		880C499D1F2A934500162ECC /* Sources */ = {
			isa = PBXSourcesBuildPhase;
			buildActionMask = 2147483647;
			files = (
				880C49AE1F2A97CA00162ECC /* MessagesViewUITests.swift in Sources */,
				880C49AC1F2A94D400162ECC /* InitialViewUITests.swift in Sources */,
			);
			runOnlyForDeploymentPostprocessing = 0;
		};
		88B7D5DB1F28790D00816C21 /* Sources */ = {
			isa = PBXSourcesBuildPhase;
			buildActionMask = 2147483647;
			files = (
				886CD7891F29C6BC002BE119 /* MessageCell.swift in Sources */,
				880C49951F2A6F2800162ECC /* InitialViewModel.swift in Sources */,
				88CC60BD1F28C67300045B45 /* BaseResponse.swift in Sources */,
				880C49921F2931BE00162ECC /* MessagesResponse.swift in Sources */,
				880C499C1F2A90CC00162ECC /* LoadingView.swift in Sources */,
				88CC60B31F28962400045B45 /* UserModel.swift in Sources */,
				88CC60BB1F28C5B000045B45 /* MessagesRequest.swift in Sources */,
				88CC60AF1F2892CA00045B45 /* BaseRequest.swift in Sources */,
				88CC60B61F2899FC00045B45 /* MessageModel.swift in Sources */,
				88B7D6081F287BD300816C21 /* MessagesViewController.swift in Sources */,
				886CD78B1F29CB20002BE119 /* Extensions.swift in Sources */,
				880C499A1F2A811D00162ECC /* UserDefaultsHelper.swift in Sources */,
				88B7D5E31F28790D00816C21 /* AppDelegate.swift in Sources */,
				88B7D6031F287BA000816C21 /* BaseViewController.swift in Sources */,
				880C49971F2A7AB700162ECC /* MessagesViewModel.swift in Sources */,
				88B7D6061F287BC600816C21 /* InitialViewController.swift in Sources */,
				88CC60BF1F28C91300045B45 /* MessagesDataService.swift in Sources */,
			);
			runOnlyForDeploymentPostprocessing = 0;
		};
		88B7D5EF1F28790D00816C21 /* Sources */ = {
			isa = PBXSourcesBuildPhase;
			buildActionMask = 2147483647;
			files = (
				88B7D5F81F28790D00816C21 /* RandomMessagingAppTests.swift in Sources */,
			);
			runOnlyForDeploymentPostprocessing = 0;
		};
/* End PBXSourcesBuildPhase section */

/* Begin PBXTargetDependency section */
		880C49A71F2A934500162ECC /* PBXTargetDependency */ = {
			isa = PBXTargetDependency;
			target = 88B7D5DE1F28790D00816C21 /* RandomMessagingApp */;
			targetProxy = 880C49A61F2A934500162ECC /* PBXContainerItemProxy */;
		};
		88B7D5F51F28790D00816C21 /* PBXTargetDependency */ = {
			isa = PBXTargetDependency;
			target = 88B7D5DE1F28790D00816C21 /* RandomMessagingApp */;
			targetProxy = 88B7D5F41F28790D00816C21 /* PBXContainerItemProxy */;
		};
/* End PBXTargetDependency section */

/* Begin PBXVariantGroup section */
		88B7D5E61F28790D00816C21 /* Main.storyboard */ = {
			isa = PBXVariantGroup;
			children = (
				88B7D5E71F28790D00816C21 /* Base */,
			);
			name = Main.storyboard;
			sourceTree = "<group>";
		};
		88B7D5EB1F28790D00816C21 /* LaunchScreen.storyboard */ = {
			isa = PBXVariantGroup;
			children = (
				88B7D5EC1F28790D00816C21 /* Base */,
			);
			name = LaunchScreen.storyboard;
			sourceTree = "<group>";
		};
/* End PBXVariantGroup section */

/* Begin XCBuildConfiguration section */
		880C49A91F2A934500162ECC /* Debug */ = {
			isa = XCBuildConfiguration;
			buildSettings = {
				DEVELOPMENT_TEAM = 2U6BY5FFH9;
				INFOPLIST_FILE = RandomMessagingAppUITests/Info.plist;
				LD_RUNPATH_SEARCH_PATHS = "$(inherited) @executable_path/Frameworks @loader_path/Frameworks";
				PRODUCT_BUNDLE_IDENTIFIER = com.ymiletli.cepfali.RandomMessagingAppUITests;
				PRODUCT_NAME = "$(TARGET_NAME)";
				SWIFT_VERSION = 3.0;
				TEST_TARGET_NAME = RandomMessagingApp;
			};
			name = Debug;
		};
		880C49AA1F2A934500162ECC /* Release */ = {
			isa = XCBuildConfiguration;
			buildSettings = {
				DEVELOPMENT_TEAM = 2U6BY5FFH9;
				INFOPLIST_FILE = RandomMessagingAppUITests/Info.plist;
				LD_RUNPATH_SEARCH_PATHS = "$(inherited) @executable_path/Frameworks @loader_path/Frameworks";
				PRODUCT_BUNDLE_IDENTIFIER = com.ymiletli.cepfali.RandomMessagingAppUITests;
				PRODUCT_NAME = "$(TARGET_NAME)";
				SWIFT_VERSION = 3.0;
				TEST_TARGET_NAME = RandomMessagingApp;
			};
			name = Release;
		};
		88B7D5FA1F28790D00816C21 /* Debug */ = {
			isa = XCBuildConfiguration;
			buildSettings = {
				ALWAYS_SEARCH_USER_PATHS = NO;
				CLANG_ANALYZER_NONNULL = YES;
				CLANG_ANALYZER_NUMBER_OBJECT_CONVERSION = YES_AGGRESSIVE;
				CLANG_CXX_LANGUAGE_STANDARD = "gnu++0x";
				CLANG_CXX_LIBRARY = "libc++";
				CLANG_ENABLE_MODULES = YES;
				CLANG_ENABLE_OBJC_ARC = YES;
				CLANG_WARN_BOOL_CONVERSION = YES;
				CLANG_WARN_CONSTANT_CONVERSION = YES;
				CLANG_WARN_DIRECT_OBJC_ISA_USAGE = YES_ERROR;
				CLANG_WARN_DOCUMENTATION_COMMENTS = YES;
				CLANG_WARN_EMPTY_BODY = YES;
				CLANG_WARN_ENUM_CONVERSION = YES;
				CLANG_WARN_INFINITE_RECURSION = YES;
				CLANG_WARN_INT_CONVERSION = YES;
				CLANG_WARN_OBJC_ROOT_CLASS = YES_ERROR;
				CLANG_WARN_SUSPICIOUS_MOVE = YES;
				CLANG_WARN_UNREACHABLE_CODE = YES;
				CLANG_WARN__DUPLICATE_METHOD_MATCH = YES;
				"CODE_SIGN_IDENTITY[sdk=iphoneos*]" = "iPhone Developer";
				COPY_PHASE_STRIP = NO;
				DEBUG_INFORMATION_FORMAT = dwarf;
				ENABLE_STRICT_OBJC_MSGSEND = YES;
				ENABLE_TESTABILITY = YES;
				GCC_C_LANGUAGE_STANDARD = gnu99;
				GCC_DYNAMIC_NO_PIC = NO;
				GCC_NO_COMMON_BLOCKS = YES;
				GCC_OPTIMIZATION_LEVEL = 0;
				GCC_PREPROCESSOR_DEFINITIONS = (
					"DEBUG=1",
					"$(inherited)",
				);
				GCC_WARN_64_TO_32_BIT_CONVERSION = YES;
				GCC_WARN_ABOUT_RETURN_TYPE = YES_ERROR;
				GCC_WARN_UNDECLARED_SELECTOR = YES;
				GCC_WARN_UNINITIALIZED_AUTOS = YES_AGGRESSIVE;
				GCC_WARN_UNUSED_FUNCTION = YES;
				GCC_WARN_UNUSED_VARIABLE = YES;
				IPHONEOS_DEPLOYMENT_TARGET = 10.3;
				MTL_ENABLE_DEBUG_INFO = YES;
				ONLY_ACTIVE_ARCH = YES;
				SDKROOT = iphoneos;
				SWIFT_ACTIVE_COMPILATION_CONDITIONS = DEBUG;
				SWIFT_OPTIMIZATION_LEVEL = "-Onone";
				TARGETED_DEVICE_FAMILY = "1,2";
			};
			name = Debug;
		};
		88B7D5FB1F28790D00816C21 /* Release */ = {
			isa = XCBuildConfiguration;
			buildSettings = {
				ALWAYS_SEARCH_USER_PATHS = NO;
				CLANG_ANALYZER_NONNULL = YES;
				CLANG_ANALYZER_NUMBER_OBJECT_CONVERSION = YES_AGGRESSIVE;
				CLANG_CXX_LANGUAGE_STANDARD = "gnu++0x";
				CLANG_CXX_LIBRARY = "libc++";
				CLANG_ENABLE_MODULES = YES;
				CLANG_ENABLE_OBJC_ARC = YES;
				CLANG_WARN_BOOL_CONVERSION = YES;
				CLANG_WARN_CONSTANT_CONVERSION = YES;
				CLANG_WARN_DIRECT_OBJC_ISA_USAGE = YES_ERROR;
				CLANG_WARN_DOCUMENTATION_COMMENTS = YES;
				CLANG_WARN_EMPTY_BODY = YES;
				CLANG_WARN_ENUM_CONVERSION = YES;
				CLANG_WARN_INFINITE_RECURSION = YES;
				CLANG_WARN_INT_CONVERSION = YES;
				CLANG_WARN_OBJC_ROOT_CLASS = YES_ERROR;
				CLANG_WARN_SUSPICIOUS_MOVE = YES;
				CLANG_WARN_UNREACHABLE_CODE = YES;
				CLANG_WARN__DUPLICATE_METHOD_MATCH = YES;
				"CODE_SIGN_IDENTITY[sdk=iphoneos*]" = "iPhone Developer";
				COPY_PHASE_STRIP = NO;
				DEBUG_INFORMATION_FORMAT = "dwarf-with-dsym";
				ENABLE_NS_ASSERTIONS = NO;
				ENABLE_STRICT_OBJC_MSGSEND = YES;
				GCC_C_LANGUAGE_STANDARD = gnu99;
				GCC_NO_COMMON_BLOCKS = YES;
				GCC_WARN_64_TO_32_BIT_CONVERSION = YES;
				GCC_WARN_ABOUT_RETURN_TYPE = YES_ERROR;
				GCC_WARN_UNDECLARED_SELECTOR = YES;
				GCC_WARN_UNINITIALIZED_AUTOS = YES_AGGRESSIVE;
				GCC_WARN_UNUSED_FUNCTION = YES;
				GCC_WARN_UNUSED_VARIABLE = YES;
				IPHONEOS_DEPLOYMENT_TARGET = 10.3;
				MTL_ENABLE_DEBUG_INFO = NO;
				SDKROOT = iphoneos;
				SWIFT_OPTIMIZATION_LEVEL = "-Owholemodule";
				TARGETED_DEVICE_FAMILY = "1,2";
				VALIDATE_PRODUCT = YES;
			};
			name = Release;
		};
		88B7D5FD1F28790D00816C21 /* Debug */ = {
			isa = XCBuildConfiguration;
			baseConfigurationReference = 3FA6DF4971A6588DD960EC06 /* Pods-RandomMessagingApp.debug.xcconfig */;
			buildSettings = {
				ASSETCATALOG_COMPILER_APPICON_NAME = AppIcon;
				DEVELOPMENT_TEAM = 2U6BY5FFH9;
				INFOPLIST_FILE = RandomMessagingApp/Info.plist;
				LD_RUNPATH_SEARCH_PATHS = "$(inherited) @executable_path/Frameworks";
				PRODUCT_BUNDLE_IDENTIFIER = com.ymiletlli.RandomMessagingApp;
				PRODUCT_NAME = "$(TARGET_NAME)";
				SWIFT_VERSION = 3.0;
			};
			name = Debug;
		};
		88B7D5FE1F28790D00816C21 /* Release */ = {
			isa = XCBuildConfiguration;
			baseConfigurationReference = 50C2938EF43C57EC1726914C /* Pods-RandomMessagingApp.release.xcconfig */;
			buildSettings = {
				ASSETCATALOG_COMPILER_APPICON_NAME = AppIcon;
				DEVELOPMENT_TEAM = 2U6BY5FFH9;
				INFOPLIST_FILE = RandomMessagingApp/Info.plist;
				LD_RUNPATH_SEARCH_PATHS = "$(inherited) @executable_path/Frameworks";
				PRODUCT_BUNDLE_IDENTIFIER = com.ymiletlli.RandomMessagingApp;
				PRODUCT_NAME = "$(TARGET_NAME)";
				SWIFT_VERSION = 3.0;
			};
			name = Release;
		};
		88B7D6001F28790D00816C21 /* Debug */ = {
			isa = XCBuildConfiguration;
			baseConfigurationReference = AF0B45188A40E85C29DBA599 /* Pods-RandomMessagingAppTests.debug.xcconfig */;
			buildSettings = {
				ALWAYS_EMBED_SWIFT_STANDARD_LIBRARIES = YES;
				BUNDLE_LOADER = "$(TEST_HOST)";
				DEVELOPMENT_TEAM = FDQWYD8S6L;
				INFOPLIST_FILE = RandomMessagingAppTests/Info.plist;
				LD_RUNPATH_SEARCH_PATHS = "$(inherited) @executable_path/Frameworks @loader_path/Frameworks";
				PRODUCT_BUNDLE_IDENTIFIER = com.ymiletlli.RandomMessagingAppTests;
				PRODUCT_NAME = "$(TARGET_NAME)";
				SWIFT_VERSION = 3.0;
				TEST_HOST = "$(BUILT_PRODUCTS_DIR)/RandomMessagingApp.app/RandomMessagingApp";
			};
			name = Debug;
		};
		88B7D6011F28790D00816C21 /* Release */ = {
			isa = XCBuildConfiguration;
			baseConfigurationReference = 94B850615BCCB5BBFFA17DF1 /* Pods-RandomMessagingAppTests.release.xcconfig */;
			buildSettings = {
				ALWAYS_EMBED_SWIFT_STANDARD_LIBRARIES = YES;
				BUNDLE_LOADER = "$(TEST_HOST)";
				DEVELOPMENT_TEAM = FDQWYD8S6L;
				INFOPLIST_FILE = RandomMessagingAppTests/Info.plist;
				LD_RUNPATH_SEARCH_PATHS = "$(inherited) @executable_path/Frameworks @loader_path/Frameworks";
				PRODUCT_BUNDLE_IDENTIFIER = com.ymiletlli.RandomMessagingAppTests;
				PRODUCT_NAME = "$(TARGET_NAME)";
				SWIFT_VERSION = 3.0;
				TEST_HOST = "$(BUILT_PRODUCTS_DIR)/RandomMessagingApp.app/RandomMessagingApp";
			};
			name = Release;
		};
/* End XCBuildConfiguration section */

/* Begin XCConfigurationList section */
		880C49A81F2A934500162ECC /* Build configuration list for PBXNativeTarget "RandomMessagingAppUITests" */ = {
			isa = XCConfigurationList;
			buildConfigurations = (
				880C49A91F2A934500162ECC /* Debug */,
				880C49AA1F2A934500162ECC /* Release */,
			);
			defaultConfigurationIsVisible = 0;
		};
		88B7D5DA1F28790D00816C21 /* Build configuration list for PBXProject "RandomMessagingApp" */ = {
			isa = XCConfigurationList;
			buildConfigurations = (
				88B7D5FA1F28790D00816C21 /* Debug */,
				88B7D5FB1F28790D00816C21 /* Release */,
			);
			defaultConfigurationIsVisible = 0;
			defaultConfigurationName = Release;
		};
		88B7D5FC1F28790D00816C21 /* Build configuration list for PBXNativeTarget "RandomMessagingApp" */ = {
			isa = XCConfigurationList;
			buildConfigurations = (
				88B7D5FD1F28790D00816C21 /* Debug */,
				88B7D5FE1F28790D00816C21 /* Release */,
			);
			defaultConfigurationIsVisible = 0;
			defaultConfigurationName = Release;
		};
		88B7D5FF1F28790D00816C21 /* Build configuration list for PBXNativeTarget "RandomMessagingAppTests" */ = {
			isa = XCConfigurationList;
			buildConfigurations = (
				88B7D6001F28790D00816C21 /* Debug */,
				88B7D6011F28790D00816C21 /* Release */,
			);
			defaultConfigurationIsVisible = 0;
			defaultConfigurationName = Release;
		};
/* End XCConfigurationList section */
	};
	rootObject = 88B7D5D71F28790D00816C21 /* Project object */;
}
